
Microsoft Visual Studio Solution File, Format Version 12.00
# Visual Studio Version 17
VisualStudioVersion = 17.13.35931.197 d17.13
MinimumVisualStudioVersion = 10.0.40219.1
Project("{FAE04EC0-301F-11D3-BF4B-00C04F79EFBC}") = "Lab_2(cs)", "Lab_2(cs).csproj", "{78D690BC-1919-40BA-B77A-470956998BEE}"
EndProject
Global
	GlobalSection(SolutionConfigurationPlatforms) = preSolution
		Debug|Any CPU = Debug|Any CPU
		Release|Any CPU = Release|Any CPU
	EndGlobalSection
	GlobalSection(ProjectConfigurationPlatforms) = postSolution
		{78D690BC-1919-40BA-B77A-470956998BEE}.Debug|Any CPU.ActiveCfg = Debug|Any CPU
		{78D690BC-1919-40BA-B77A-470956998BEE}.Debug|Any CPU.Build.0 = Debug|Any CPU
		{78D690BC-1919-40BA-B77A-470956998BEE}.Release|Any CPU.ActiveCfg = Release|Any CPU
		{78D690BC-1919-40BA-B77A-470956998BEE}.Release|Any CPU.Build.0 = Release|Any CPU
	EndGlobalSection
	GlobalSection(SolutionProperties) = preSolution
		HideSolutionNode = FALSE
	EndGlobalSection
	GlobalSection(ExtensibilityGlobals) = postSolution
		SolutionGuid = {F832A37F-DD07-41CB-AD7A-087A1F2A1869}
	EndGlobalSection
EndGlobal
