
Microsoft Visual Studio Solution File, Format Version 12.00
# Visual Studio Version 17
VisualStudioVersion = 17.13.35931.197 d17.13
MinimumVisualStudioVersion = 10.0.40219.1
Project("{FAE04EC0-301F-11D3-BF4B-00C04F79EFBC}") = "Lab_6(cs)", "Lab_6(cs).csproj", "{93B62434-2E81-4D77-9E4B-EF900921E598}"
EndProject
Global
	GlobalSection(SolutionConfigurationPlatforms) = preSolution
		Debug|Any CPU = Debug|Any CPU
		Release|Any CPU = Release|Any CPU
	EndGlobalSection
	GlobalSection(ProjectConfigurationPlatforms) = postSolution
		{93B62434-2E81-4D77-9E4B-EF900921E598}.Debug|Any CPU.ActiveCfg = Debug|Any CPU
		{93B62434-2E81-4D77-9E4B-EF900921E598}.Debug|Any CPU.Build.0 = Debug|Any CPU
		{93B62434-2E81-4D77-9E4B-EF900921E598}.Release|Any CPU.ActiveCfg = Release|Any CPU
		{93B62434-2E81-4D77-9E4B-EF900921E598}.Release|Any CPU.Build.0 = Release|Any CPU
	EndGlobalSection
	GlobalSection(SolutionProperties) = preSolution
		HideSolutionNode = FALSE
	EndGlobalSection
	GlobalSection(ExtensibilityGlobals) = postSolution
		SolutionGuid = {AF617E9F-7ABD-405B-BF37-2AD395EA41CF}
	EndGlobalSection
EndGlobal
